// !$*UTF8*$!
{
	archiveVersion = 1;
	classes = {
	};
	objectVersion = 46;
	objects = {

/* Begin PBXBuildFile section */
		6E73EA731AC8D7D000C1B819 /* main.m in Sources */ = {isa = PBXBuildFile; fileRef = 6E73EA721AC8D7D000C1B819 /* main.m */; };
		6E73EA761AC8D7D000C1B819 /* AppDelegate.m in Sources */ = {isa = PBXBuildFile; fileRef = 6E73EA751AC8D7D000C1B819 /* AppDelegate.m */; };
		6E73EA7C1AC8D7D000C1B819 /* Main.storyboard in Resources */ = {isa = PBXBuildFile; fileRef = 6E73EA7A1AC8D7D000C1B819 /* Main.storyboard */; };
		6E73EA7E1AC8D7D000C1B819 /* Images.xcassets in Resources */ = {isa = PBXBuildFile; fileRef = 6E73EA7D1AC8D7D000C1B819 /* Images.xcassets */; };
		6E73EA811AC8D7D100C1B819 /* LaunchScreen.xib in Resources */ = {isa = PBXBuildFile; fileRef = 6E73EA7F1AC8D7D100C1B819 /* LaunchScreen.xib */; };
		6E73EA8D1AC8D7D100C1B819 /* JFMoonbucksTests.m in Sources */ = {isa = PBXBuildFile; fileRef = 6E73EA8C1AC8D7D100C1B819 /* JFMoonbucksTests.m */; };
		6E73EA991AC8D91800C1B819 /* JFBeverage.m in Sources */ = {isa = PBXBuildFile; fileRef = 6E73EA981AC8D91800C1B819 /* JFBeverage.m */; };
		6E73EA9C1AC8DB6500C1B819 /* JFBeverages.m in Sources */ = {isa = PBXBuildFile; fileRef = 6E73EA9B1AC8DB6500C1B819 /* JFBeverages.m */; };
		6E73EAA01AC8E89700C1B819 /* JFFeturedViewController.m in Sources */ = {isa = PBXBuildFile; fileRef = 6E73EA9F1AC8E89700C1B819 /* JFFeturedViewController.m */; };
		6ED422BA1AC927D9007E16FB /* JFCheckoutCart.m in Sources */ = {isa = PBXBuildFile; fileRef = 6ED422B91AC927D9007E16FB /* JFCheckoutCart.m */; };
		6ED422BC1AC9D153007E16FB /* beverages.json in Resources */ = {isa = PBXBuildFile; fileRef = 6ED422BB1AC9D153007E16FB /* beverages.json */; };
		6ED422BF1AC9EBF5007E16FB /* JFBeverageViewController.m in Sources */ = {isa = PBXBuildFile; fileRef = 6ED422BE1AC9EBF5007E16FB /* JFBeverageViewController.m */; };
		6ED422C21AC9EDA6007E16FB /* JFMenuViewController.m in Sources */ = {isa = PBXBuildFile; fileRef = 6ED422C11AC9EDA6007E16FB /* JFMenuViewController.m */; };
		6ED422C51AC9F0A0007E16FB /* JFMenuTableViewCell.m in Sources */ = {isa = PBXBuildFile; fileRef = 6ED422C41AC9F0A0007E16FB /* JFMenuTableViewCell.m */; };
		849B718FF958F2599F3D81E9 /* Pods.framework in Frameworks */ = {isa = PBXBuildFile; fileRef = CD2E726F6F35BFE843513972 /* Pods.framework */; settings = {ATTRIBUTES = (Weak, ); }; };
/* End PBXBuildFile section */

/* Begin PBXContainerItemProxy section */
		6E73EA871AC8D7D100C1B819 /* PBXContainerItemProxy */ = {
			isa = PBXContainerItemProxy;
			containerPortal = 6E73EA651AC8D7D000C1B819 /* Project object */;
			proxyType = 1;
			remoteGlobalIDString = 6E73EA6C1AC8D7D000C1B819;
			remoteInfo = JFMoonbucks;
		};
/* End PBXContainerItemProxy section */

/* Begin PBXFileReference section */
		6E73EA6D1AC8D7D000C1B819 /* JFMoonbucks.app */ = {isa = PBXFileReference; explicitFileType = wrapper.application; includeInIndex = 0; path = JFMoonbucks.app; sourceTree = BUILT_PRODUCTS_DIR; };
		6E73EA711AC8D7D000C1B819 /* Info.plist */ = {isa = PBXFileReference; lastKnownFileType = text.plist.xml; path = Info.plist; sourceTree = "<group>"; };
		6E73EA721AC8D7D000C1B819 /* main.m */ = {isa = PBXFileReference; lastKnownFileType = sourcecode.c.objc; path = main.m; sourceTree = "<group>"; };
		6E73EA741AC8D7D000C1B819 /* AppDelegate.h */ = {isa = PBXFileReference; lastKnownFileType = sourcecode.c.h; path = AppDelegate.h; sourceTree = "<group>"; };
		6E73EA751AC8D7D000C1B819 /* AppDelegate.m */ = {isa = PBXFileReference; lastKnownFileType = sourcecode.c.objc; path = AppDelegate.m; sourceTree = "<group>"; };
		6E73EA7B1AC8D7D000C1B819 /* Base */ = {isa = PBXFileReference; lastKnownFileType = file.storyboard; name = Base; path = Base.lproj/Main.storyboard; sourceTree = "<group>"; };
		6E73EA7D1AC8D7D000C1B819 /* Images.xcassets */ = {isa = PBXFileReference; lastKnownFileType = folder.assetcatalog; path = Images.xcassets; sourceTree = "<group>"; };
		6E73EA801AC8D7D100C1B819 /* Base */ = {isa = PBXFileReference; lastKnownFileType = file.xib; name = Base; path = Base.lproj/LaunchScreen.xib; sourceTree = "<group>"; };
		6E73EA861AC8D7D100C1B819 /* JFMoonbucksTests.xctest */ = {isa = PBXFileReference; explicitFileType = wrapper.cfbundle; includeInIndex = 0; path = JFMoonbucksTests.xctest; sourceTree = BUILT_PRODUCTS_DIR; };
		6E73EA8B1AC8D7D100C1B819 /* Info.plist */ = {isa = PBXFileReference; lastKnownFileType = text.plist.xml; path = Info.plist; sourceTree = "<group>"; };
		6E73EA8C1AC8D7D100C1B819 /* JFMoonbucksTests.m */ = {isa = PBXFileReference; lastKnownFileType = sourcecode.c.objc; path = JFMoonbucksTests.m; sourceTree = "<group>"; };
		6E73EA971AC8D91800C1B819 /* JFBeverage.h */ = {isa = PBXFileReference; fileEncoding = 4; lastKnownFileType = sourcecode.c.h; path = JFBeverage.h; sourceTree = "<group>"; };
		6E73EA981AC8D91800C1B819 /* JFBeverage.m */ = {isa = PBXFileReference; fileEncoding = 4; lastKnownFileType = sourcecode.c.objc; path = JFBeverage.m; sourceTree = "<group>"; };
		6E73EA9A1AC8DB6500C1B819 /* JFBeverages.h */ = {isa = PBXFileReference; fileEncoding = 4; lastKnownFileType = sourcecode.c.h; path = JFBeverages.h; sourceTree = "<group>"; };
		6E73EA9B1AC8DB6500C1B819 /* JFBeverages.m */ = {isa = PBXFileReference; fileEncoding = 4; lastKnownFileType = sourcecode.c.objc; path = JFBeverages.m; sourceTree = "<group>"; };
		6E73EA9E1AC8E89700C1B819 /* JFFeturedViewController.h */ = {isa = PBXFileReference; fileEncoding = 4; lastKnownFileType = sourcecode.c.h; path = JFFeturedViewController.h; sourceTree = "<group>"; };
		6E73EA9F1AC8E89700C1B819 /* JFFeturedViewController.m */ = {isa = PBXFileReference; fileEncoding = 4; lastKnownFileType = sourcecode.c.objc; path = JFFeturedViewController.m; sourceTree = "<group>"; };
		6ED422B81AC927D9007E16FB /* JFCheckoutCart.h */ = {isa = PBXFileReference; fileEncoding = 4; lastKnownFileType = sourcecode.c.h; path = JFCheckoutCart.h; sourceTree = "<group>"; };
		6ED422B91AC927D9007E16FB /* JFCheckoutCart.m */ = {isa = PBXFileReference; fileEncoding = 4; lastKnownFileType = sourcecode.c.objc; path = JFCheckoutCart.m; sourceTree = "<group>"; };
		6ED422BB1AC9D153007E16FB /* beverages.json */ = {isa = PBXFileReference; fileEncoding = 4; lastKnownFileType = text.json; path = beverages.json; sourceTree = "<group>"; };
		6ED422BD1AC9EBF5007E16FB /* JFBeverageViewController.h */ = {isa = PBXFileReference; fileEncoding = 4; lastKnownFileType = sourcecode.c.h; path = JFBeverageViewController.h; sourceTree = "<group>"; };
		6ED422BE1AC9EBF5007E16FB /* JFBeverageViewController.m */ = {isa = PBXFileReference; fileEncoding = 4; lastKnownFileType = sourcecode.c.objc; path = JFBeverageViewController.m; sourceTree = "<group>"; };
		6ED422C01AC9EDA6007E16FB /* JFMenuViewController.h */ = {isa = PBXFileReference; fileEncoding = 4; lastKnownFileType = sourcecode.c.h; path = JFMenuViewController.h; sourceTree = "<group>"; };
		6ED422C11AC9EDA6007E16FB /* JFMenuViewController.m */ = {isa = PBXFileReference; fileEncoding = 4; lastKnownFileType = sourcecode.c.objc; path = JFMenuViewController.m; sourceTree = "<group>"; };
		6ED422C31AC9F0A0007E16FB /* JFMenuTableViewCell.h */ = {isa = PBXFileReference; fileEncoding = 4; lastKnownFileType = sourcecode.c.h; path = JFMenuTableViewCell.h; sourceTree = "<group>"; };
		6ED422C41AC9F0A0007E16FB /* JFMenuTableViewCell.m */ = {isa = PBXFileReference; fileEncoding = 4; lastKnownFileType = sourcecode.c.objc; path = JFMenuTableViewCell.m; sourceTree = "<group>"; };
		775BC32BCC14F8D9AAC17975 /* Pods.release.xcconfig */ = {isa = PBXFileReference; includeInIndex = 1; lastKnownFileType = text.xcconfig; name = Pods.release.xcconfig; path = "Pods/Target Support Files/Pods/Pods.release.xcconfig"; sourceTree = "<group>"; };
		CD2E726F6F35BFE843513972 /* Pods.framework */ = {isa = PBXFileReference; explicitFileType = wrapper.framework; includeInIndex = 0; path = Pods.framework; sourceTree = BUILT_PRODUCTS_DIR; };
		EADD669195E58C44F9C4EC29 /* Pods.debug.xcconfig */ = {isa = PBXFileReference; includeInIndex = 1; lastKnownFileType = text.xcconfig; name = Pods.debug.xcconfig; path = "Pods/Target Support Files/Pods/Pods.debug.xcconfig"; sourceTree = "<group>"; };
/* End PBXFileReference section */

/* Begin PBXFrameworksBuildPhase section */
		6E73EA6A1AC8D7D000C1B819 /* Frameworks */ = {
			isa = PBXFrameworksBuildPhase;
			buildActionMask = 2147483647;
			files = (
				849B718FF958F2599F3D81E9 /* Pods.framework in Frameworks */,
			);
			runOnlyForDeploymentPostprocessing = 0;
		};
		6E73EA831AC8D7D100C1B819 /* Frameworks */ = {
			isa = PBXFrameworksBuildPhase;
			buildActionMask = 2147483647;
			files = (
			);
			runOnlyForDeploymentPostprocessing = 0;
		};
/* End PBXFrameworksBuildPhase section */

/* Begin PBXGroup section */
		6E73EA641AC8D7D000C1B819 = {
			isa = PBXGroup;
			children = (
				6E73EA6F1AC8D7D000C1B819 /* JFMoonbucks */,
				6E73EA891AC8D7D100C1B819 /* JFMoonbucksTests */,
				6E73EA6E1AC8D7D000C1B819 /* Products */,
				D320ED2D5D5E4C5963498AD2 /* Frameworks */,
				7604A0E6B7643F1C872444C5 /* Pods */,
			);
			sourceTree = "<group>";
		};
		6E73EA6E1AC8D7D000C1B819 /* Products */ = {
			isa = PBXGroup;
			children = (
				6E73EA6D1AC8D7D000C1B819 /* JFMoonbucks.app */,
				6E73EA861AC8D7D100C1B819 /* JFMoonbucksTests.xctest */,
			);
			name = Products;
			sourceTree = "<group>";
		};
		6E73EA6F1AC8D7D000C1B819 /* JFMoonbucks */ = {
			isa = PBXGroup;
			children = (
				6E73EA9D1AC8E86800C1B819 /* Controller */,
				6E73EA961AC8D84E00C1B819 /* Model */,
				6E73EA741AC8D7D000C1B819 /* AppDelegate.h */,
				6E73EA751AC8D7D000C1B819 /* AppDelegate.m */,
				6E73EA7A1AC8D7D000C1B819 /* Main.storyboard */,
				6E73EA7D1AC8D7D000C1B819 /* Images.xcassets */,
				6E73EA7F1AC8D7D100C1B819 /* LaunchScreen.xib */,
				6E73EA701AC8D7D000C1B819 /* Supporting Files */,
			);
			path = JFMoonbucks;
			sourceTree = "<group>";
		};
		6E73EA701AC8D7D000C1B819 /* Supporting Files */ = {
			isa = PBXGroup;
			children = (
				6ED422BB1AC9D153007E16FB /* beverages.json */,
				6E73EA711AC8D7D000C1B819 /* Info.plist */,
				6E73EA721AC8D7D000C1B819 /* main.m */,
			);
			name = "Supporting Files";
			sourceTree = "<group>";
		};
		6E73EA891AC8D7D100C1B819 /* JFMoonbucksTests */ = {
			isa = PBXGroup;
			children = (
				6E73EA8C1AC8D7D100C1B819 /* JFMoonbucksTests.m */,
				6E73EA8A1AC8D7D100C1B819 /* Supporting Files */,
			);
			path = JFMoonbucksTests;
			sourceTree = "<group>";
		};
		6E73EA8A1AC8D7D100C1B819 /* Supporting Files */ = {
			isa = PBXGroup;
			children = (
				6E73EA8B1AC8D7D100C1B819 /* Info.plist */,
			);
			name = "Supporting Files";
			sourceTree = "<group>";
		};
		6E73EA961AC8D84E00C1B819 /* Model */ = {
			isa = PBXGroup;
			children = (
				6E73EA971AC8D91800C1B819 /* JFBeverage.h */,
				6E73EA981AC8D91800C1B819 /* JFBeverage.m */,
				6E73EA9A1AC8DB6500C1B819 /* JFBeverages.h */,
				6E73EA9B1AC8DB6500C1B819 /* JFBeverages.m */,
				6ED422B81AC927D9007E16FB /* JFCheckoutCart.h */,
				6ED422B91AC927D9007E16FB /* JFCheckoutCart.m */,
				6ED422C31AC9F0A0007E16FB /* JFMenuTableViewCell.h */,
				6ED422C41AC9F0A0007E16FB /* JFMenuTableViewCell.m */,
			);
			name = Model;
			sourceTree = "<group>";
		};
		6E73EA9D1AC8E86800C1B819 /* Controller */ = {
			isa = PBXGroup;
			children = (
				6E73EA9E1AC8E89700C1B819 /* JFFeturedViewController.h */,
				6E73EA9F1AC8E89700C1B819 /* JFFeturedViewController.m */,
				6ED422C01AC9EDA6007E16FB /* JFMenuViewController.h */,
				6ED422C11AC9EDA6007E16FB /* JFMenuViewController.m */,
				6ED422BD1AC9EBF5007E16FB /* JFBeverageViewController.h */,
				6ED422BE1AC9EBF5007E16FB /* JFBeverageViewController.m */,
			);
			name = Controller;
			sourceTree = "<group>";
		};
		7604A0E6B7643F1C872444C5 /* Pods */ = {
			isa = PBXGroup;
			children = (
				EADD669195E58C44F9C4EC29 /* Pods.debug.xcconfig */,
				775BC32BCC14F8D9AAC17975 /* Pods.release.xcconfig */,
			);
			name = Pods;
			sourceTree = "<group>";
		};
		D320ED2D5D5E4C5963498AD2 /* Frameworks */ = {
			isa = PBXGroup;
			children = (
				CD2E726F6F35BFE843513972 /* Pods.framework */,
			);
			name = Frameworks;
			sourceTree = "<group>";
		};
/* End PBXGroup section */

/* Begin PBXNativeTarget section */
		6E73EA6C1AC8D7D000C1B819 /* JFMoonbucks */ = {
			isa = PBXNativeTarget;
			buildConfigurationList = 6E73EA901AC8D7D100C1B819 /* Build configuration list for PBXNativeTarget "JFMoonbucks" */;
			buildPhases = (
				55DB1740045C173F9F6DBB96 /* Check Pods Manifest.lock */,
				6E73EA691AC8D7D000C1B819 /* Sources */,
				6E73EA6A1AC8D7D000C1B819 /* Frameworks */,
				6E73EA6B1AC8D7D000C1B819 /* Resources */,
				FC5D8C12BE6C9859A15F2BC6 /* Embed Pods Frameworks */,
				C54506EBF32D5F7B92041A75 /* Copy Pods Resources */,
			);
			buildRules = (
			);
			dependencies = (
			);
			name = JFMoonbucks;
			productName = JFMoonbucks;
			productReference = 6E73EA6D1AC8D7D000C1B819 /* JFMoonbucks.app */;
			productType = "com.apple.product-type.application";
		};
		6E73EA851AC8D7D100C1B819 /* JFMoonbucksTests */ = {
			isa = PBXNativeTarget;
			buildConfigurationList = 6E73EA931AC8D7D100C1B819 /* Build configuration list for PBXNativeTarget "JFMoonbucksTests" */;
			buildPhases = (
				6E73EA821AC8D7D100C1B819 /* Sources */,
				6E73EA831AC8D7D100C1B819 /* Frameworks */,
				6E73EA841AC8D7D100C1B819 /* Resources */,
			);
			buildRules = (
			);
			dependencies = (
				6E73EA881AC8D7D100C1B819 /* PBXTargetDependency */,
			);
			name = JFMoonbucksTests;
			productName = JFMoonbucksTests;
			productReference = 6E73EA861AC8D7D100C1B819 /* JFMoonbucksTests.xctest */;
			productType = "com.apple.product-type.bundle.unit-test";
		};
/* End PBXNativeTarget section */

/* Begin PBXProject section */
		6E73EA651AC8D7D000C1B819 /* Project object */ = {
			isa = PBXProject;
			attributes = {
				LastUpgradeCheck = 0620;
				ORGANIZATIONNAME = Jonyzfu;
				TargetAttributes = {
					6E73EA6C1AC8D7D000C1B819 = {
						CreatedOnToolsVersion = 6.2;
					};
					6E73EA851AC8D7D100C1B819 = {
						CreatedOnToolsVersion = 6.2;
						TestTargetID = 6E73EA6C1AC8D7D000C1B819;
					};
				};
			};
			buildConfigurationList = 6E73EA681AC8D7D000C1B819 /* Build configuration list for PBXProject "JFMoonbucks" */;
			compatibilityVersion = "Xcode 3.2";
			developmentRegion = English;
			hasScannedForEncodings = 0;
			knownRegions = (
				en,
				Base,
			);
			mainGroup = 6E73EA641AC8D7D000C1B819;
			productRefGroup = 6E73EA6E1AC8D7D000C1B819 /* Products */;
			projectDirPath = "";
			projectRoot = "";
			targets = (
				6E73EA6C1AC8D7D000C1B819 /* JFMoonbucks */,
				6E73EA851AC8D7D100C1B819 /* JFMoonbucksTests */,
			);
		};
/* End PBXProject section */

/* Begin PBXResourcesBuildPhase section */
		6E73EA6B1AC8D7D000C1B819 /* Resources */ = {
			isa = PBXResourcesBuildPhase;
			buildActionMask = 2147483647;
			files = (
				6E73EA7C1AC8D7D000C1B819 /* Main.storyboard in Resources */,
				6E73EA811AC8D7D100C1B819 /* LaunchScreen.xib in Resources */,
				6ED422BC1AC9D153007E16FB /* beverages.json in Resources */,
				6E73EA7E1AC8D7D000C1B819 /* Images.xcassets in Resources */,
			);
			runOnlyForDeploymentPostprocessing = 0;
		};
		6E73EA841AC8D7D100C1B819 /* Resources */ = {
			isa = PBXResourcesBuildPhase;
			buildActionMask = 2147483647;
			files = (
			);
			runOnlyForDeploymentPostprocessing = 0;
		};
/* End PBXResourcesBuildPhase section */

/* Begin PBXShellScriptBuildPhase section */
		55DB1740045C173F9F6DBB96 /* Check Pods Manifest.lock */ = {
			isa = PBXShellScriptBuildPhase;
			buildActionMask = 2147483647;
			files = (
			);
			inputPaths = (
			);
			name = "Check Pods Manifest.lock";
			outputPaths = (
			);
			runOnlyForDeploymentPostprocessing = 0;
			shellPath = /bin/sh;
			shellScript = "diff \"${PODS_ROOT}/../Podfile.lock\" \"${PODS_ROOT}/Manifest.lock\" > /dev/null\nif [[ $? != 0 ]] ; then\n    cat << EOM\nerror: The sandbox is not in sync with the Podfile.lock. Run 'pod install' or update your CocoaPods installation.\nEOM\n    exit 1\nfi\n";
			showEnvVarsInLog = 0;
		};
		C54506EBF32D5F7B92041A75 /* Copy Pods Resources */ = {
			isa = PBXShellScriptBuildPhase;
			buildActionMask = 2147483647;
			files = (
			);
			inputPaths = (
			);
			name = "Copy Pods Resources";
			outputPaths = (
			);
			runOnlyForDeploymentPostprocessing = 0;
			shellPath = /bin/sh;
			shellScript = "\"${SRCROOT}/Pods/Target Support Files/Pods/Pods-resources.sh\"\n";
			showEnvVarsInLog = 0;
		};
		FC5D8C12BE6C9859A15F2BC6 /* Embed Pods Frameworks */ = {
			isa = PBXShellScriptBuildPhase;
			buildActionMask = 2147483647;
			files = (
			);
			inputPaths = (
			);
			name = "Embed Pods Frameworks";
			outputPaths = (
			);
			runOnlyForDeploymentPostprocessing = 0;
			shellPath = /bin/sh;
			shellScript = "\"${SRCROOT}/Pods/Target Support Files/Pods/Pods-frameworks.sh\"\n";
			showEnvVarsInLog = 0;
		};
/* End PBXShellScriptBuildPhase section */

/* Begin PBXSourcesBuildPhase section */
		6E73EA691AC8D7D000C1B819 /* Sources */ = {
			isa = PBXSourcesBuildPhase;
			buildActionMask = 2147483647;
			files = (
				6E73EA991AC8D91800C1B819 /* JFBeverage.m in Sources */,
				6ED422BF1AC9EBF5007E16FB /* JFBeverageViewController.m in Sources */,
				6ED422BA1AC927D9007E16FB /* JFCheckoutCart.m in Sources */,
				6ED422C51AC9F0A0007E16FB /* JFMenuTableViewCell.m in Sources */,
				6E73EA9C1AC8DB6500C1B819 /* JFBeverages.m in Sources */,
				6E73EA761AC8D7D000C1B819 /* AppDelegate.m in Sources */,
				6ED422C21AC9EDA6007E16FB /* JFMenuViewController.m in Sources */,
				6E73EA731AC8D7D000C1B819 /* main.m in Sources */,
				6E73EAA01AC8E89700C1B819 /* JFFeturedViewController.m in Sources */,
			);
			runOnlyForDeploymentPostprocessing = 0;
		};
		6E73EA821AC8D7D100C1B819 /* Sources */ = {
			isa = PBXSourcesBuildPhase;
			buildActionMask = 2147483647;
			files = (
				6E73EA8D1AC8D7D100C1B819 /* JFMoonbucksTests.m in Sources */,
			);
			runOnlyForDeploymentPostprocessing = 0;
		};
/* End PBXSourcesBuildPhase section */

/* Begin PBXTargetDependency section */
		6E73EA881AC8D7D100C1B819 /* PBXTargetDependency */ = {
			isa = PBXTargetDependency;
			target = 6E73EA6C1AC8D7D000C1B819 /* JFMoonbucks */;
			targetProxy = 6E73EA871AC8D7D100C1B819 /* PBXContainerItemProxy */;
		};
/* End PBXTargetDependency section */

/* Begin PBXVariantGroup section */
		6E73EA7A1AC8D7D000C1B819 /* Main.storyboard */ = {
			isa = PBXVariantGroup;
			children = (
				6E73EA7B1AC8D7D000C1B819 /* Base */,
			);
			name = Main.storyboard;
			sourceTree = "<group>";
		};
		6E73EA7F1AC8D7D100C1B819 /* LaunchScreen.xib */ = {
			isa = PBXVariantGroup;
			children = (
				6E73EA801AC8D7D100C1B819 /* Base */,
			);
			name = LaunchScreen.xib;
			sourceTree = "<group>";
		};
/* End PBXVariantGroup section */

/* Begin XCBuildConfiguration section */
		6E73EA8E1AC8D7D100C1B819 /* Debug */ = {
			isa = XCBuildConfiguration;
			buildSettings = {
				ALWAYS_SEARCH_USER_PATHS = NO;
				CLANG_CXX_LANGUAGE_STANDARD = "gnu++0x";
				CLANG_CXX_LIBRARY = "libc++";
				CLANG_ENABLE_MODULES = YES;
				CLANG_ENABLE_OBJC_ARC = YES;
				CLANG_WARN_BOOL_CONVERSION = YES;
				CLANG_WARN_CONSTANT_CONVERSION = YES;
				CLANG_WARN_DIRECT_OBJC_ISA_USAGE = YES_ERROR;
				CLANG_WARN_EMPTY_BODY = YES;
				CLANG_WARN_ENUM_CONVERSION = YES;
				CLANG_WARN_INT_CONVERSION = YES;
				CLANG_WARN_OBJC_ROOT_CLASS = YES_ERROR;
				CLANG_WARN_UNREACHABLE_CODE = YES;
				CLANG_WARN__DUPLICATE_METHOD_MATCH = YES;
				"CODE_SIGN_IDENTITY[sdk=iphoneos*]" = "iPhone Developer";
				COPY_PHASE_STRIP = NO;
				ENABLE_STRICT_OBJC_MSGSEND = YES;
				GCC_C_LANGUAGE_STANDARD = gnu99;
				GCC_DYNAMIC_NO_PIC = NO;
				GCC_OPTIMIZATION_LEVEL = 0;
				GCC_PREPROCESSOR_DEFINITIONS = (
					"DEBUG=1",
					"$(inherited)",
				);
				GCC_SYMBOLS_PRIVATE_EXTERN = NO;
				GCC_WARN_64_TO_32_BIT_CONVERSION = YES;
				GCC_WARN_ABOUT_RETURN_TYPE = YES_ERROR;
				GCC_WARN_UNDECLARED_SELECTOR = YES;
				GCC_WARN_UNINITIALIZED_AUTOS = YES_AGGRESSIVE;
				GCC_WARN_UNUSED_FUNCTION = YES;
				GCC_WARN_UNUSED_VARIABLE = YES;
				IPHONEOS_DEPLOYMENT_TARGET = 8.2;
				MTL_ENABLE_DEBUG_INFO = YES;
				ONLY_ACTIVE_ARCH = YES;
				SDKROOT = iphoneos;
			};
			name = Debug;
		};
		6E73EA8F1AC8D7D100C1B819 /* Release */ = {
			isa = XCBuildConfiguration;
			buildSettings = {
				ALWAYS_SEARCH_USER_PATHS = NO;
				CLANG_CXX_LANGUAGE_STANDARD = "gnu++0x";
				CLANG_CXX_LIBRARY = "libc++";
				CLANG_ENABLE_MODULES = YES;
				CLANG_ENABLE_OBJC_ARC = YES;
				CLANG_WARN_BOOL_CONVERSION = YES;
				CLANG_WARN_CONSTANT_CONVERSION = YES;
				CLANG_WARN_DIRECT_OBJC_ISA_USAGE = YES_ERROR;
				CLANG_WARN_EMPTY_BODY = YES;
				CLANG_WARN_ENUM_CONVERSION = YES;
				CLANG_WARN_INT_CONVERSION = YES;
				CLANG_WARN_OBJC_ROOT_CLASS = YES_ERROR;
				CLANG_WARN_UNREACHABLE_CODE = YES;
				CLANG_WARN__DUPLICATE_METHOD_MATCH = YES;
				"CODE_SIGN_IDENTITY[sdk=iphoneos*]" = "iPhone Developer";
				COPY_PHASE_STRIP = NO;
				ENABLE_NS_ASSERTIONS = NO;
				ENABLE_STRICT_OBJC_MSGSEND = YES;
				GCC_C_LANGUAGE_STANDARD = gnu99;
				GCC_WARN_64_TO_32_BIT_CONVERSION = YES;
				GCC_WARN_ABOUT_RETURN_TYPE = YES_ERROR;
				GCC_WARN_UNDECLARED_SELECTOR = YES;
				GCC_WARN_UNINITIALIZED_AUTOS = YES_AGGRESSIVE;
				GCC_WARN_UNUSED_FUNCTION = YES;
				GCC_WARN_UNUSED_VARIABLE = YES;
				IPHONEOS_DEPLOYMENT_TARGET = 8.2;
				MTL_ENABLE_DEBUG_INFO = NO;
				SDKROOT = iphoneos;
				VALIDATE_PRODUCT = YES;
			};
			name = Release;
		};
		6E73EA911AC8D7D100C1B819 /* Debug */ = {
			isa = XCBuildConfiguration;
			baseConfigurationReference = EADD669195E58C44F9C4EC29 /* Pods.debug.xcconfig */;
			buildSettings = {
				ASSETCATALOG_COMPILER_APPICON_NAME = AppIcon;
				INFOPLIST_FILE = JFMoonbucks/Info.plist;
				LD_RUNPATH_SEARCH_PATHS = "$(inherited) @executable_path/Frameworks";
				PRODUCT_NAME = "$(TARGET_NAME)";
			};
			name = Debug;
		};
		6E73EA921AC8D7D100C1B819 /* Release */ = {
			isa = XCBuildConfiguration;
			baseConfigurationReference = 775BC32BCC14F8D9AAC17975 /* Pods.release.xcconfig */;
			buildSettings = {
				ASSETCATALOG_COMPILER_APPICON_NAME = AppIcon;
				INFOPLIST_FILE = JFMoonbucks/Info.plist;
				LD_RUNPATH_SEARCH_PATHS = "$(inherited) @executable_path/Frameworks";
				PRODUCT_NAME = "$(TARGET_NAME)";
			};
			name = Release;
		};
		6E73EA941AC8D7D100C1B819 /* Debug */ = {
			isa = XCBuildConfiguration;
			buildSettings = {
				BUNDLE_LOADER = "$(TEST_HOST)";
				FRAMEWORK_SEARCH_PATHS = (
					"$(SDKROOT)/Developer/Library/Frameworks",
					"$(inherited)",
				);
				GCC_PREPROCESSOR_DEFINITIONS = (
					"DEBUG=1",
					"$(inherited)",
				);
				INFOPLIST_FILE = JFMoonbucksTests/Info.plist;
				LD_RUNPATH_SEARCH_PATHS = "$(inherited) @executable_path/Frameworks @loader_path/Frameworks";
				PRODUCT_NAME = "$(TARGET_NAME)";
				TEST_HOST = "$(BUILT_PRODUCTS_DIR)/JFMoonbucks.app/JFMoonbucks";
			};
			name = Debug;
		};
		6E73EA951AC8D7D100C1B819 /* Release */ = {
			isa = XCBuildConfiguration;
			buildSettings = {
				BUNDLE_LOADER = "$(TEST_HOST)";
				FRAMEWORK_SEARCH_PATHS = (
					"$(SDKROOT)/Developer/Library/Frameworks",
					"$(inherited)",
				);
				INFOPLIST_FILE = JFMoonbucksTests/Info.plist;
				LD_RUNPATH_SEARCH_PATHS = "$(inherited) @executable_path/Frameworks @loader_path/Frameworks";
				PRODUCT_NAME = "$(TARGET_NAME)";
				TEST_HOST = "$(BUILT_PRODUCTS_DIR)/JFMoonbucks.app/JFMoonbucks";
			};
			name = Release;
		};
/* End XCBuildConfiguration section */

/* Begin XCConfigurationList section */
		6E73EA681AC8D7D000C1B819 /* Build configuration list for PBXProject "JFMoonbucks" */ = {
			isa = XCConfigurationList;
			buildConfigurations = (
				6E73EA8E1AC8D7D100C1B819 /* Debug */,
				6E73EA8F1AC8D7D100C1B819 /* Release */,
			);
			defaultConfigurationIsVisible = 0;
			defaultConfigurationName = Release;
		};
		6E73EA901AC8D7D100C1B819 /* Build configuration list for PBXNativeTarget "JFMoonbucks" */ = {
			isa = XCConfigurationList;
			buildConfigurations = (
				6E73EA911AC8D7D100C1B819 /* Debug */,
				6E73EA921AC8D7D100C1B819 /* Release */,
			);
			defaultConfigurationIsVisible = 0;
			defaultConfigurationName = Release;
		};
		6E73EA931AC8D7D100C1B819 /* Build configuration list for PBXNativeTarget "JFMoonbucksTests" */ = {
			isa = XCConfigurationList;
			buildConfigurations = (
				6E73EA941AC8D7D100C1B819 /* Debug */,
				6E73EA951AC8D7D100C1B819 /* Release */,
			);
			defaultConfigurationIsVisible = 0;
			defaultConfigurationName = Release;
		};
/* End XCConfigurationList section */
	};
	rootObject = 6E73EA651AC8D7D000C1B819 /* Project object */;
}
